{
  "name": "jml",
  "lockfileVersion": 2,
  "requires": true,
  "packages": {
    "": {
      "dependencies": {
        "cytoscape": "^3.19.1",
        "cytoscape-dagre": "^2.3.2",
        "govuk-frontend": "^3.13.1"
      }
    },
    "node_modules/cytoscape": {
      "version": "3.19.1",
      "resolved": "https://registry.npmjs.org/cytoscape/-/cytoscape-3.19.1.tgz",
      "integrity": "sha512-fQSymoCzmDF5dejZqv94WXQUnI3cVZfaHWFQR+Q9RhJ6LzEs7dtkwgFYaoklsbXcrXz0uCGx4i3vQ0FiuOUu9Q==",
      "dependencies": {
        "heap": "^0.2.6",
        "lodash.debounce": "^4.0.8"
      },
      "engines": {
        "node": ">=0.10"
      }
    },
    "node_modules/cytoscape-dagre": {
      "version": "2.3.2",
      "resolved": "https://registry.npmjs.org/cytoscape-dagre/-/cytoscape-dagre-2.3.2.tgz",
      "integrity": "sha512-dL9+RvGkatSlIdOKXiFwHpnpTo8ydFMqIYzZFkImJXNbDci3feyYxR46wFoaG9GFiWimc6XD9Lm0x29b1wvWpw==",
      "dependencies": {
        "dagre": "^0.8.5"
      },
      "peerDependencies": {
        "cytoscape": "^3.2.22"
      }
    },
    "node_modules/dagre": {
      "version": "0.8.5",
      "resolved": "https://registry.npmjs.org/dagre/-/dagre-0.8.5.tgz",
      "integrity": "sha512-/aTqmnRta7x7MCCpExk7HQL2O4owCT2h8NT//9I1OQ9vt29Pa0BzSAkR5lwFUcQ7491yVi/3CXU9jQ5o0Mn2Sw==",
      "dependencies": {
        "graphlib": "^2.1.8",
        "lodash": "^4.17.15"
      }
    },
    "node_modules/govuk-frontend": {
      "version": "3.13.1",
      "resolved": "https://registry.npmjs.org/govuk-frontend/-/govuk-frontend-3.13.1.tgz",
      "integrity": "sha512-OlbAVVpJfZ8tEhkScVoNFA+27RUfMDslN4uxtJyASfXwg4QZYHTX8RqmKBbgVJWaybpa5RsYDuRKQNJe3qN8gw==",
      "engines": {
        "node": ">= 4.2.0"
      }
    },
    "node_modules/graphlib": {
      "version": "2.1.8",
      "resolved": "https://registry.npmjs.org/graphlib/-/graphlib-2.1.8.tgz",
      "integrity": "sha512-jcLLfkpoVGmH7/InMC/1hIvOPSUh38oJtGhvrOFGzioE1DZ+0YW16RgmOJhHiuWTvGiJQ9Z1Ik43JvkRPRvE+A==",
      "dependencies": {
        "lodash": "^4.17.15"
      }
    },
    "node_modules/heap": {
      "version": "0.2.6",
      "resolved": "https://registry.npmjs.org/heap/-/heap-0.2.6.tgz",
      "integrity": "sha1-CH4fELBGky/IWU3Z5tN4r8nR5aw="
    },
    "node_modules/lodash": {
      "version": "4.17.21",
      "resolved": "https://registry.npmjs.org/lodash/-/lodash-4.17.21.tgz",
      "integrity": "sha512-v2kDEe57lecTulaDIuNTPy3Ry4gLGJ6Z1O3vE1krgXZNrsQ+LFTGHVxVjcXPs17LhbZVGedAJv8XZ1tvj5FvSg=="
    },
    "node_modules/lodash.debounce": {
      "version": "4.0.8",
      "resolved": "https://registry.npmjs.org/lodash.debounce/-/lodash.debounce-4.0.8.tgz",
      "integrity": "sha1-gteb/zCmfEAF/9XiUVMArZyk168="
    }
  },
  "dependencies": {
    "cytoscape": {
      "version": "3.19.1",
      "resolved": "https://registry.npmjs.org/cytoscape/-/cytoscape-3.19.1.tgz",
      "integrity": "sha512-fQSymoCzmDF5dejZqv94WXQUnI3cVZfaHWFQR+Q9RhJ6LzEs7dtkwgFYaoklsbXcrXz0uCGx4i3vQ0FiuOUu9Q==",
      "requires": {
        "heap": "^0.2.6",
        "lodash.debounce": "^4.0.8"
      }
    },
    "cytoscape-dagre": {
      "version": "2.3.2",
      "resolved": "https://registry.npmjs.org/cytoscape-dagre/-/cytoscape-dagre-2.3.2.tgz",
      "integrity": "sha512-dL9+RvGkatSlIdOKXiFwHpnpTo8ydFMqIYzZFkImJXNbDci3feyYxR46wFoaG9GFiWimc6XD9Lm0x29b1wvWpw==",
      "requires": {
        "dagre": "^0.8.5"
      }
    },
    "dagre": {
      "version": "0.8.5",
      "resolved": "https://registry.npmjs.org/dagre/-/dagre-0.8.5.tgz",
      "integrity": "sha512-/aTqmnRta7x7MCCpExk7HQL2O4owCT2h8NT//9I1OQ9vt29Pa0BzSAkR5lwFUcQ7491yVi/3CXU9jQ5o0Mn2Sw==",
      "requires": {
        "graphlib": "^2.1.8",
        "lodash": "^4.17.15"
      }
    },
    "govuk-frontend": {
      "version": "3.13.1",
      "resolved": "https://registry.npmjs.org/govuk-frontend/-/govuk-frontend-3.13.1.tgz",
      "integrity": "sha512-OlbAVVpJfZ8tEhkScVoNFA+27RUfMDslN4uxtJyASfXwg4QZYHTX8RqmKBbgVJWaybpa5RsYDuRKQNJe3qN8gw=="
    },
    "graphlib": {
      "version": "2.1.8",
      "resolved": "https://registry.npmjs.org/graphlib/-/graphlib-2.1.8.tgz",
      "integrity": "sha512-jcLLfkpoVGmH7/InMC/1hIvOPSUh38oJtGhvrOFGzioE1DZ+0YW16RgmOJhHiuWTvGiJQ9Z1Ik43JvkRPRvE+A==",
      "requires": {
        "lodash": "^4.17.15"
      }
    },
    "heap": {
      "version": "0.2.6",
      "resolved": "https://registry.npmjs.org/heap/-/heap-0.2.6.tgz",
      "integrity": "sha1-CH4fELBGky/IWU3Z5tN4r8nR5aw="
    },
    "lodash": {
      "version": "4.17.21",
      "resolved": "https://registry.npmjs.org/lodash/-/lodash-4.17.21.tgz",
      "integrity": "sha512-v2kDEe57lecTulaDIuNTPy3Ry4gLGJ6Z1O3vE1krgXZNrsQ+LFTGHVxVjcXPs17LhbZVGedAJv8XZ1tvj5FvSg=="
    },
    "lodash.debounce": {
      "version": "4.0.8",
      "resolved": "https://registry.npmjs.org/lodash.debounce/-/lodash.debounce-4.0.8.tgz",
      "integrity": "sha1-gteb/zCmfEAF/9XiUVMArZyk168="
    }
  }
}
