{
  "requires": true,
  "lockfileVersion": 1,
  "dependencies": {
    "govuk-frontend": {
      "version": "3.13.1",
      "resolved": "https://registry.npmjs.org/govuk-frontend/-/govuk-frontend-3.13.1.tgz",
      "integrity": "sha512-OlbAVVpJfZ8tEhkScVoNFA+27RUfMDslN4uxtJyASfXwg4QZYHTX8RqmKBbgVJWaybpa5RsYDuRKQNJe3qN8gw=="
    }
  }
}
