{
  "requires": true,
  "lockfileVersion": 1,
  "dependencies": {
    "cytoscape": {
      "version": "3.19.1",
      "resolved": "https://registry.npmjs.org/cytoscape/-/cytoscape-3.19.1.tgz",
      "integrity": "sha512-fQSymoCzmDF5dejZqv94WXQUnI3cVZfaHWFQR+Q9RhJ6LzEs7dtkwgFYaoklsbXcrXz0uCGx4i3vQ0FiuOUu9Q==",
      "requires": {
        "heap": "^0.2.6",
        "lodash.debounce": "^4.0.8"
      }
    },
    "govuk-frontend": {
      "version": "3.13.1",
      "resolved": "https://registry.npmjs.org/govuk-frontend/-/govuk-frontend-3.13.1.tgz",
      "integrity": "sha512-OlbAVVpJfZ8tEhkScVoNFA+27RUfMDslN4uxtJyASfXwg4QZYHTX8RqmKBbgVJWaybpa5RsYDuRKQNJe3qN8gw=="
    },
    "heap": {
      "version": "0.2.6",
      "resolved": "https://registry.npmjs.org/heap/-/heap-0.2.6.tgz",
      "integrity": "sha1-CH4fELBGky/IWU3Z5tN4r8nR5aw="
    },
    "lodash.debounce": {
      "version": "4.0.8",
      "resolved": "https://registry.npmjs.org/lodash.debounce/-/lodash.debounce-4.0.8.tgz",
      "integrity": "sha1-gteb/zCmfEAF/9XiUVMArZyk168="
    }
  }
}
